
Microsoft Visual Studio Solution File, Format Version 12.00
# Visual Studio 15
VisualStudioVersion = 15.0.28307.329
MinimumVisualStudioVersion = 10.0.40219.1
Project("{888888A0-9F3D-457C-B088-3A5042F75D52}") = "DNAGameJam", "DNAGameJam\DNAGameJam.pyproj", "{FBF89F49-CADD-4059-B971-E2FE2DCADCDF}"
EndProject
Global
	GlobalSection(SolutionConfigurationPlatforms) = preSolution
		Debug|Any CPU = Debug|Any CPU
		Release|Any CPU = Release|Any CPU
	EndGlobalSection
	GlobalSection(ProjectConfigurationPlatforms) = postSolution
		{FBF89F49-CADD-4059-B971-E2FE2DCADCDF}.Debug|Any CPU.ActiveCfg = Debug|Any CPU
		{FBF89F49-CADD-4059-B971-E2FE2DCADCDF}.Release|Any CPU.ActiveCfg = Release|Any CPU
	EndGlobalSection
	GlobalSection(SolutionProperties) = preSolution
		HideSolutionNode = FALSE
	EndGlobalSection
	GlobalSection(ExtensibilityGlobals) = postSolution
		SolutionGuid = {E0F24199-6024-41E8-919A-6CD60DFDCB1B}
	EndGlobalSection
EndGlobal
